Microsoft Visual Studio Solution File, Format Version 12.00
# Visual Studio Version 17
VisualStudioVersion = 17.1.32421.90
MinimumVisualStudioVersion = 10.0.40219.1
Project("{9A19103F-16F7-4668-BE54-9A1E7A4F7556}") = "Aspose.OCR.Cloud.SDK", "src\Aspose.OCR.Cloud.SDK\Aspose.OCR.Cloud.SDK.csproj", "{CAF0D6B4-2F30-4A8C-8143-2BD680543490}"
EndProject
Project("{9A19103F-16F7-4668-BE54-9A1E7A4F7556}") = "Aspose.OCR.Cloud.SDK.Test", "src\Aspose.OCR.Cloud.SDK.Test\Aspose.OCR.Cloud.SDK.Test.csproj", "{19F1DEBC-DE5E-4517-8062-F000CD499087}"
EndProject
Global
	GlobalSection(SolutionConfigurationPlatforms) = preSolution
		Debug|Any CPU = Debug|Any CPU
		Release|Any CPU = Release|Any CPU
	EndGlobalSection
	GlobalSection(ProjectConfigurationPlatforms) = postSolution
		{CAF0D6B4-2F30-4A8C-8143-2BD680543490}.Debug|Any CPU.ActiveCfg = Debug|Any CPU
		{CAF0D6B4-2F30-4A8C-8143-2BD680543490}.Debug|Any CPU.Build.0 = Debug|Any CPU
		{CAF0D6B4-2F30-4A8C-8143-2BD680543490}.Release|Any CPU.ActiveCfg = Release|Any CPU
		{CAF0D6B4-2F30-4A8C-8143-2BD680543490}.Release|Any CPU.Build.0 = Release|Any CPU
		{19F1DEBC-DE5E-4517-8062-F000CD499087}.Debug|Any CPU.ActiveCfg = Debug|Any CPU
		{19F1DEBC-DE5E-4517-8062-F000CD499087}.Debug|Any CPU.Build.0 = Debug|Any CPU
		{19F1DEBC-DE5E-4517-8062-F000CD499087}.Release|Any CPU.ActiveCfg = Release|Any CPU
		{19F1DEBC-DE5E-4517-8062-F000CD499087}.Release|Any CPU.Build.0 = Release|Any CPU
	EndGlobalSection
	GlobalSection(SolutionProperties) = preSolution
		HideSolutionNode = FALSE
	EndGlobalSection
	GlobalSection(ExtensibilityGlobals) = postSolution
		SolutionGuid = {8FBBB573-BEF6-4F0F-AA3E-A3DC87536555}
	EndGlobalSection
EndGlobal
