
Microsoft Visual Studio Solution File, Format Version 12.00
# Visual Studio 15
VisualStudioVersion = 15.0.27130.2036
MinimumVisualStudioVersion = 10.0.40219.1
Project("{9A19103F-16F7-4668-BE54-9A1E7A4F7556}") = "Aspose.Ocr.Cloud.Sdk", "Aspose.Ocr.Cloud.Sdk\Aspose.Ocr.Cloud.Sdk.csproj", "{F9BD4527-58CA-406A-877F-8591E8AB581C}"
EndProject
Project("{FAE04EC0-301F-11D3-BF4B-00C04F79EFBC}") = "Aspose.Ocr.Cloud.Sdk.Demo", "Aspose.Ocr.Cloud.Sdk.Demo\Aspose.Ocr.Cloud.Sdk.Demo.csproj", "{7E32A58D-0D32-475B-9CE0-E836021E52B1}"
EndProject
Project("{FAE04EC0-301F-11D3-BF4B-00C04F79EFBC}") = "Aspose.Ocr.Cloud.Sdk.Demo.Net.Core", "Aspose.Ocr.Cloud.Sdk.Demo.Net.Core\Aspose.Ocr.Cloud.Sdk.Demo.Net.Core.csproj", "{FBDEFEB0-3317-48EE-AA4C-90EBBC91C99C}"
EndProject
Global
	GlobalSection(SolutionConfigurationPlatforms) = preSolution
		Debug|Any CPU = Debug|Any CPU
		Release|Any CPU = Release|Any CPU
	EndGlobalSection
	GlobalSection(ProjectConfigurationPlatforms) = postSolution
		{F9BD4527-58CA-406A-877F-8591E8AB581C}.Debug|Any CPU.ActiveCfg = Debug|Any CPU
		{F9BD4527-58CA-406A-877F-8591E8AB581C}.Debug|Any CPU.Build.0 = Debug|Any CPU
		{F9BD4527-58CA-406A-877F-8591E8AB581C}.Release|Any CPU.ActiveCfg = Release|Any CPU
		{F9BD4527-58CA-406A-877F-8591E8AB581C}.Release|Any CPU.Build.0 = Release|Any CPU
		{7E32A58D-0D32-475B-9CE0-E836021E52B1}.Debug|Any CPU.ActiveCfg = Debug|Any CPU
		{7E32A58D-0D32-475B-9CE0-E836021E52B1}.Debug|Any CPU.Build.0 = Debug|Any CPU
		{7E32A58D-0D32-475B-9CE0-E836021E52B1}.Release|Any CPU.ActiveCfg = Release|Any CPU
		{7E32A58D-0D32-475B-9CE0-E836021E52B1}.Release|Any CPU.Build.0 = Release|Any CPU
		{FBDEFEB0-3317-48EE-AA4C-90EBBC91C99C}.Debug|Any CPU.ActiveCfg = Debug|Any CPU
		{FBDEFEB0-3317-48EE-AA4C-90EBBC91C99C}.Debug|Any CPU.Build.0 = Debug|Any CPU
		{FBDEFEB0-3317-48EE-AA4C-90EBBC91C99C}.Release|Any CPU.ActiveCfg = Release|Any CPU
		{FBDEFEB0-3317-48EE-AA4C-90EBBC91C99C}.Release|Any CPU.Build.0 = Release|Any CPU
	EndGlobalSection
	GlobalSection(SolutionProperties) = preSolution
		HideSolutionNode = FALSE
	EndGlobalSection
	GlobalSection(ExtensibilityGlobals) = postSolution
		SolutionGuid = {7B1DE16F-C176-4A23-B3FF-54651FD448ED}
	EndGlobalSection
EndGlobal
