
Microsoft Visual Studio Solution File, Format Version 12.00
# Visual Studio Version 16
VisualStudioVersion = 16.0.31410.357
MinimumVisualStudioVersion = 10.0.40219.1
Project("{FAE04EC0-301F-11D3-BF4B-00C04F79EFBC}") = "Aspose.OCR.Cloud.Live.Demos", "Aspose.OCR.Cloud.Live.Demos\Aspose.OCR.Cloud.Live.Demos.csproj", "{7A0B42C1-8C27-4FC4-8F89-7D94E237EB15}"
EndProject
Global
	GlobalSection(SolutionConfigurationPlatforms) = preSolution
		Debug|Any CPU = Debug|Any CPU
		Release|Any CPU = Release|Any CPU
	EndGlobalSection
	GlobalSection(ProjectConfigurationPlatforms) = postSolution
		{7A0B42C1-8C27-4FC4-8F89-7D94E237EB15}.Debug|Any CPU.ActiveCfg = Debug|Any CPU
		{7A0B42C1-8C27-4FC4-8F89-7D94E237EB15}.Debug|Any CPU.Build.0 = Debug|Any CPU
		{7A0B42C1-8C27-4FC4-8F89-7D94E237EB15}.Release|Any CPU.ActiveCfg = Release|Any CPU
		{7A0B42C1-8C27-4FC4-8F89-7D94E237EB15}.Release|Any CPU.Build.0 = Release|Any CPU
	EndGlobalSection
	GlobalSection(SolutionProperties) = preSolution
		HideSolutionNode = FALSE
	EndGlobalSection
	GlobalSection(ExtensibilityGlobals) = postSolution
		SolutionGuid = {1E49DB0B-19B6-4AB9-B87C-50A317127991}
	EndGlobalSection
EndGlobal
